// !$*UTF8*$!
{
	archiveVersion = 1;
	classes = {
	};
	objectVersion = 46;
	objects = {

/* Begin PBXBuildFile section */
		D084CF991E1930CD008E6FFB /* AppDelegate.swift in Sources */ = {isa = PBXBuildFile; fileRef = D084CF981E1930CD008E6FFB /* AppDelegate.swift */; };
		D084CF9B1E1930CD008E6FFB /* ViewController.swift in Sources */ = {isa = PBXBuildFile; fileRef = D084CF9A1E1930CD008E6FFB /* ViewController.swift */; };
		D084CF9E1E1930CD008E6FFB /* Main.storyboard in Resources */ = {isa = PBXBuildFile; fileRef = D084CF9C1E1930CD008E6FFB /* Main.storyboard */; };
		D084CFA01E1930CD008E6FFB /* Assets.xcassets in Resources */ = {isa = PBXBuildFile; fileRef = D084CF9F1E1930CD008E6FFB /* Assets.xcassets */; };
		D084CFA31E1930CD008E6FFB /* LaunchScreen.storyboard in Resources */ = {isa = PBXBuildFile; fileRef = D084CFA11E1930CD008E6FFB /* LaunchScreen.storyboard */; };
		D084CFAE1E1930CE008E6FFB /* Intro_to_table_viewTests.swift in Sources */ = {isa = PBXBuildFile; fileRef = D084CFAD1E1930CE008E6FFB /* Intro_to_table_viewTests.swift */; };
		D084CFB91E1930CE008E6FFB /* Intro_to_table_viewUITests.swift in Sources */ = {isa = PBXBuildFile; fileRef = D084CFB81E1930CE008E6FFB /* Intro_to_table_viewUITests.swift */; };
/* End PBXBuildFile section */

/* Begin PBXContainerItemProxy section */
		D084CFAA1E1930CE008E6FFB /* PBXContainerItemProxy */ = {
			isa = PBXContainerItemProxy;
			containerPortal = D084CF8D1E1930CD008E6FFB /* Project object */;
			proxyType = 1;
			remoteGlobalIDString = D084CF941E1930CD008E6FFB;
			remoteInfo = "Intro to table view";
		};
		D084CFB51E1930CE008E6FFB /* PBXContainerItemProxy */ = {
			isa = PBXContainerItemProxy;
			containerPortal = D084CF8D1E1930CD008E6FFB /* Project object */;
			proxyType = 1;
			remoteGlobalIDString = D084CF941E1930CD008E6FFB;
			remoteInfo = "Intro to table view";
		};
/* End PBXContainerItemProxy section */

/* Begin PBXFileReference section */
		D084CF951E1930CD008E6FFB /* Intro to table view.app */ = {isa = PBXFileReference; explicitFileType = wrapper.application; includeInIndex = 0; path = "Intro to table view.app"; sourceTree = BUILT_PRODUCTS_DIR; };
		D084CF981E1930CD008E6FFB /* AppDelegate.swift */ = {isa = PBXFileReference; lastKnownFileType = sourcecode.swift; path = AppDelegate.swift; sourceTree = "<group>"; };
		D084CF9A1E1930CD008E6FFB /* ViewController.swift */ = {isa = PBXFileReference; lastKnownFileType = sourcecode.swift; path = ViewController.swift; sourceTree = "<group>"; };
		D084CF9D1E1930CD008E6FFB /* Base */ = {isa = PBXFileReference; lastKnownFileType = file.storyboard; name = Base; path = Base.lproj/Main.storyboard; sourceTree = "<group>"; };
		D084CF9F1E1930CD008E6FFB /* Assets.xcassets */ = {isa = PBXFileReference; lastKnownFileType = folder.assetcatalog; path = Assets.xcassets; sourceTree = "<group>"; };
		D084CFA21E1930CD008E6FFB /* Base */ = {isa = PBXFileReference; lastKnownFileType = file.storyboard; name = Base; path = Base.lproj/LaunchScreen.storyboard; sourceTree = "<group>"; };
		D084CFA41E1930CD008E6FFB /* Info.plist */ = {isa = PBXFileReference; lastKnownFileType = text.plist.xml; path = Info.plist; sourceTree = "<group>"; };
		D084CFA91E1930CE008E6FFB /* Intro to table viewTests.xctest */ = {isa = PBXFileReference; explicitFileType = wrapper.cfbundle; includeInIndex = 0; path = "Intro to table viewTests.xctest"; sourceTree = BUILT_PRODUCTS_DIR; };
		D084CFAD1E1930CE008E6FFB /* Intro_to_table_viewTests.swift */ = {isa = PBXFileReference; lastKnownFileType = sourcecode.swift; path = Intro_to_table_viewTests.swift; sourceTree = "<group>"; };
		D084CFAF1E1930CE008E6FFB /* Info.plist */ = {isa = PBXFileReference; lastKnownFileType = text.plist.xml; path = Info.plist; sourceTree = "<group>"; };
		D084CFB41E1930CE008E6FFB /* Intro to table viewUITests.xctest */ = {isa = PBXFileReference; explicitFileType = wrapper.cfbundle; includeInIndex = 0; path = "Intro to table viewUITests.xctest"; sourceTree = BUILT_PRODUCTS_DIR; };
		D084CFB81E1930CE008E6FFB /* Intro_to_table_viewUITests.swift */ = {isa = PBXFileReference; lastKnownFileType = sourcecode.swift; path = Intro_to_table_viewUITests.swift; sourceTree = "<group>"; };
		D084CFBA1E1930CE008E6FFB /* Info.plist */ = {isa = PBXFileReference; lastKnownFileType = text.plist.xml; path = Info.plist; sourceTree = "<group>"; };
/* End PBXFileReference section */

/* Begin PBXFrameworksBuildPhase section */
		D084CF921E1930CD008E6FFB /* Frameworks */ = {
			isa = PBXFrameworksBuildPhase;
			buildActionMask = 2147483647;
			files = (
			);
			runOnlyForDeploymentPostprocessing = 0;
		};
		D084CFA61E1930CE008E6FFB /* Frameworks */ = {
			isa = PBXFrameworksBuildPhase;
			buildActionMask = 2147483647;
			files = (
			);
			runOnlyForDeploymentPostprocessing = 0;
		};
		D084CFB11E1930CE008E6FFB /* Frameworks */ = {
			isa = PBXFrameworksBuildPhase;
			buildActionMask = 2147483647;
			files = (
			);
			runOnlyForDeploymentPostprocessing = 0;
		};
/* End PBXFrameworksBuildPhase section */

/* Begin PBXGroup section */
		D084CF8C1E1930CD008E6FFB = {
			isa = PBXGroup;
			children = (
				D084CF971E1930CD008E6FFB /* Intro to table view */,
				D084CFAC1E1930CE008E6FFB /* Intro to table viewTests */,
				D084CFB71E1930CE008E6FFB /* Intro to table viewUITests */,
				D084CF961E1930CD008E6FFB /* Products */,
			);
			sourceTree = "<group>";
		};
		D084CF961E1930CD008E6FFB /* Products */ = {
			isa = PBXGroup;
			children = (
				D084CF951E1930CD008E6FFB /* Intro to table view.app */,
				D084CFA91E1930CE008E6FFB /* Intro to table viewTests.xctest */,
				D084CFB41E1930CE008E6FFB /* Intro to table viewUITests.xctest */,
			);
			name = Products;
			sourceTree = "<group>";
		};
		D084CF971E1930CD008E6FFB /* Intro to table view */ = {
			isa = PBXGroup;
			children = (
				D084CF981E1930CD008E6FFB /* AppDelegate.swift */,
				D084CF9A1E1930CD008E6FFB /* ViewController.swift */,
				D084CF9C1E1930CD008E6FFB /* Main.storyboard */,
				D084CF9F1E1930CD008E6FFB /* Assets.xcassets */,
				D084CFA11E1930CD008E6FFB /* LaunchScreen.storyboard */,
				D084CFA41E1930CD008E6FFB /* Info.plist */,
			);
			path = "Intro to table view";
			sourceTree = "<group>";
		};
		D084CFAC1E1930CE008E6FFB /* Intro to table viewTests */ = {
			isa = PBXGroup;
			children = (
				D084CFAD1E1930CE008E6FFB /* Intro_to_table_viewTests.swift */,
				D084CFAF1E1930CE008E6FFB /* Info.plist */,
			);
			path = "Intro to table viewTests";
			sourceTree = "<group>";
		};
		D084CFB71E1930CE008E6FFB /* Intro to table viewUITests */ = {
			isa = PBXGroup;
			children = (
				D084CFB81E1930CE008E6FFB /* Intro_to_table_viewUITests.swift */,
				D084CFBA1E1930CE008E6FFB /* Info.plist */,
			);
			path = "Intro to table viewUITests";
			sourceTree = "<group>";
		};
/* End PBXGroup section */

/* Begin PBXNativeTarget section */
		D084CF941E1930CD008E6FFB /* Intro to table view */ = {
			isa = PBXNativeTarget;
			buildConfigurationList = D084CFBD1E1930CE008E6FFB /* Build configuration list for PBXNativeTarget "Intro to table view" */;
			buildPhases = (
				D084CF911E1930CD008E6FFB /* Sources */,
				D084CF921E1930CD008E6FFB /* Frameworks */,
				D084CF931E1930CD008E6FFB /* Resources */,
			);
			buildRules = (
			);
			dependencies = (
			);
			name = "Intro to table view";
			productName = "Intro to table view";
			productReference = D084CF951E1930CD008E6FFB /* Intro to table view.app */;
			productType = "com.apple.product-type.application";
		};
		D084CFA81E1930CE008E6FFB /* Intro to table viewTests */ = {
			isa = PBXNativeTarget;
			buildConfigurationList = D084CFC01E1930CE008E6FFB /* Build configuration list for PBXNativeTarget "Intro to table viewTests" */;
			buildPhases = (
				D084CFA51E1930CE008E6FFB /* Sources */,
				D084CFA61E1930CE008E6FFB /* Frameworks */,
				D084CFA71E1930CE008E6FFB /* Resources */,
			);
			buildRules = (
			);
			dependencies = (
				D084CFAB1E1930CE008E6FFB /* PBXTargetDependency */,
			);
			name = "Intro to table viewTests";
			productName = "Intro to table viewTests";
			productReference = D084CFA91E1930CE008E6FFB /* Intro to table viewTests.xctest */;
			productType = "com.apple.product-type.bundle.unit-test";
		};
		D084CFB31E1930CE008E6FFB /* Intro to table viewUITests */ = {
			isa = PBXNativeTarget;
			buildConfigurationList = D084CFC31E1930CE008E6FFB /* Build configuration list for PBXNativeTarget "Intro to table viewUITests" */;
			buildPhases = (
				D084CFB01E1930CE008E6FFB /* Sources */,
				D084CFB11E1930CE008E6FFB /* Frameworks */,
				D084CFB21E1930CE008E6FFB /* Resources */,
			);
			buildRules = (
			);
			dependencies = (
				D084CFB61E1930CE008E6FFB /* PBXTargetDependency */,
			);
			name = "Intro to table viewUITests";
			productName = "Intro to table viewUITests";
			productReference = D084CFB41E1930CE008E6FFB /* Intro to table viewUITests.xctest */;
			productType = "com.apple.product-type.bundle.ui-testing";
		};
/* End PBXNativeTarget section */

/* Begin PBXProject section */
		D084CF8D1E1930CD008E6FFB /* Project object */ = {
			isa = PBXProject;
			attributes = {
				LastSwiftUpdateCheck = 0810;
				LastUpgradeCheck = 0810;
				ORGANIZATIONNAME = cybertrendzinc;
				TargetAttributes = {
					D084CF941E1930CD008E6FFB = {
						CreatedOnToolsVersion = 8.1;
						ProvisioningStyle = Automatic;
					};
					D084CFA81E1930CE008E6FFB = {
						CreatedOnToolsVersion = 8.1;
						ProvisioningStyle = Automatic;
						TestTargetID = D084CF941E1930CD008E6FFB;
					};
					D084CFB31E1930CE008E6FFB = {
						CreatedOnToolsVersion = 8.1;
						ProvisioningStyle = Automatic;
						TestTargetID = D084CF941E1930CD008E6FFB;
					};
				};
			};
			buildConfigurationList = D084CF901E1930CD008E6FFB /* Build configuration list for PBXProject "Intro to table view" */;
			compatibilityVersion = "Xcode 3.2";
			developmentRegion = English;
			hasScannedForEncodings = 0;
			knownRegions = (
				en,
				Base,
			);
			mainGroup = D084CF8C1E1930CD008E6FFB;
			productRefGroup = D084CF961E1930CD008E6FFB /* Products */;
			projectDirPath = "";
			projectRoot = "";
			targets = (
				D084CF941E1930CD008E6FFB /* Intro to table view */,
				D084CFA81E1930CE008E6FFB /* Intro to table viewTests */,
				D084CFB31E1930CE008E6FFB /* Intro to table viewUITests */,
			);
		};
/* End PBXProject section */

/* Begin PBXResourcesBuildPhase section */
		D084CF931E1930CD008E6FFB /* Resources */ = {
			isa = PBXResourcesBuildPhase;
			buildActionMask = 2147483647;
			files = (
				D084CFA31E1930CD008E6FFB /* LaunchScreen.storyboard in Resources */,
				D084CFA01E1930CD008E6FFB /* Assets.xcassets in Resources */,
				D084CF9E1E1930CD008E6FFB /* Main.storyboard in Resources */,
			);
			runOnlyForDeploymentPostprocessing = 0;
		};
		D084CFA71E1930CE008E6FFB /* Resources */ = {
			isa = PBXResourcesBuildPhase;
			buildActionMask = 2147483647;
			files = (
			);
			runOnlyForDeploymentPostprocessing = 0;
		};
		D084CFB21E1930CE008E6FFB /* Resources */ = {
			isa = PBXResourcesBuildPhase;
			buildActionMask = 2147483647;
			files = (
			);
			runOnlyForDeploymentPostprocessing = 0;
		};
/* End PBXResourcesBuildPhase section */

/* Begin PBXSourcesBuildPhase section */
		D084CF911E1930CD008E6FFB /* Sources */ = {
			isa = PBXSourcesBuildPhase;
			buildActionMask = 2147483647;
			files = (
				D084CF9B1E1930CD008E6FFB /* ViewController.swift in Sources */,
				D084CF991E1930CD008E6FFB /* AppDelegate.swift in Sources */,
			);
			runOnlyForDeploymentPostprocessing = 0;
		};
		D084CFA51E1930CE008E6FFB /* Sources */ = {
			isa = PBXSourcesBuildPhase;
			buildActionMask = 2147483647;
			files = (
				D084CFAE1E1930CE008E6FFB /* Intro_to_table_viewTests.swift in Sources */,
			);
			runOnlyForDeploymentPostprocessing = 0;
		};
		D084CFB01E1930CE008E6FFB /* Sources */ = {
			isa = PBXSourcesBuildPhase;
			buildActionMask = 2147483647;
			files = (
				D084CFB91E1930CE008E6FFB /* Intro_to_table_viewUITests.swift in Sources */,
			);
			runOnlyForDeploymentPostprocessing = 0;
		};
/* End PBXSourcesBuildPhase section */

/* Begin PBXTargetDependency section */
		D084CFAB1E1930CE008E6FFB /* PBXTargetDependency */ = {
			isa = PBXTargetDependency;
			target = D084CF941E1930CD008E6FFB /* Intro to table view */;
			targetProxy = D084CFAA1E1930CE008E6FFB /* PBXContainerItemProxy */;
		};
		D084CFB61E1930CE008E6FFB /* PBXTargetDependency */ = {
			isa = PBXTargetDependency;
			target = D084CF941E1930CD008E6FFB /* Intro to table view */;
			targetProxy = D084CFB51E1930CE008E6FFB /* PBXContainerItemProxy */;
		};
/* End PBXTargetDependency section */

/* Begin PBXVariantGroup section */
		D084CF9C1E1930CD008E6FFB /* Main.storyboard */ = {
			isa = PBXVariantGroup;
			children = (
				D084CF9D1E1930CD008E6FFB /* Base */,
			);
			name = Main.storyboard;
			sourceTree = "<group>";
		};
		D084CFA11E1930CD008E6FFB /* LaunchScreen.storyboard */ = {
			isa = PBXVariantGroup;
			children = (
				D084CFA21E1930CD008E6FFB /* Base */,
			);
			name = LaunchScreen.storyboard;
			sourceTree = "<group>";
		};
/* End PBXVariantGroup section */

/* Begin XCBuildConfiguration section */
		D084CFBB1E1930CE008E6FFB /* Debug */ = {
			isa = XCBuildConfiguration;
			buildSettings = {
				ALWAYS_SEARCH_USER_PATHS = NO;
				CLANG_ANALYZER_NONNULL = YES;
				CLANG_CXX_LANGUAGE_STANDARD = "gnu++0x";
				CLANG_CXX_LIBRARY = "libc++";
				CLANG_ENABLE_MODULES = YES;
				CLANG_ENABLE_OBJC_ARC = YES;
				CLANG_WARN_BOOL_CONVERSION = YES;
				CLANG_WARN_CONSTANT_CONVERSION = YES;
				CLANG_WARN_DIRECT_OBJC_ISA_USAGE = YES_ERROR;
				CLANG_WARN_DOCUMENTATION_COMMENTS = YES;
				CLANG_WARN_EMPTY_BODY = YES;
				CLANG_WARN_ENUM_CONVERSION = YES;
				CLANG_WARN_INFINITE_RECURSION = YES;
				CLANG_WARN_INT_CONVERSION = YES;
				CLANG_WARN_OBJC_ROOT_CLASS = YES_ERROR;
				CLANG_WARN_SUSPICIOUS_MOVES = YES;
				CLANG_WARN_UNREACHABLE_CODE = YES;
				CLANG_WARN__DUPLICATE_METHOD_MATCH = YES;
				"CODE_SIGN_IDENTITY[sdk=iphoneos*]" = "iPhone Developer";
				COPY_PHASE_STRIP = NO;
				DEBUG_INFORMATION_FORMAT = dwarf;
				ENABLE_STRICT_OBJC_MSGSEND = YES;
				ENABLE_TESTABILITY = YES;
				GCC_C_LANGUAGE_STANDARD = gnu99;
				GCC_DYNAMIC_NO_PIC = NO;
				GCC_NO_COMMON_BLOCKS = YES;
				GCC_OPTIMIZATION_LEVEL = 0;
				GCC_PREPROCESSOR_DEFINITIONS = (
					"DEBUG=1",
					"$(inherited)",
				);
				GCC_WARN_64_TO_32_BIT_CONVERSION = YES;
				GCC_WARN_ABOUT_RETURN_TYPE = YES_ERROR;
				GCC_WARN_UNDECLARED_SELECTOR = YES;
				GCC_WARN_UNINITIALIZED_AUTOS = YES_AGGRESSIVE;
				GCC_WARN_UNUSED_FUNCTION = YES;
				GCC_WARN_UNUSED_VARIABLE = YES;
				IPHONEOS_DEPLOYMENT_TARGET = 10.1;
				MTL_ENABLE_DEBUG_INFO = YES;
				ONLY_ACTIVE_ARCH = YES;
				SDKROOT = iphoneos;
				SWIFT_ACTIVE_COMPILATION_CONDITIONS = DEBUG;
				SWIFT_OPTIMIZATION_LEVEL = "-Onone";
			};
			name = Debug;
		};
		D084CFBC1E1930CE008E6FFB /* Release */ = {
			isa = XCBuildConfiguration;
			buildSettings = {
				ALWAYS_SEARCH_USER_PATHS = NO;
				CLANG_ANALYZER_NONNULL = YES;
				CLANG_CXX_LANGUAGE_STANDARD = "gnu++0x";
				CLANG_CXX_LIBRARY = "libc++";
				CLANG_ENABLE_MODULES = YES;
				CLANG_ENABLE_OBJC_ARC = YES;
				CLANG_WARN_BOOL_CONVERSION = YES;
				CLANG_WARN_CONSTANT_CONVERSION = YES;
				CLANG_WARN_DIRECT_OBJC_ISA_USAGE = YES_ERROR;
				CLANG_WARN_DOCUMENTATION_COMMENTS = YES;
				CLANG_WARN_EMPTY_BODY = YES;
				CLANG_WARN_ENUM_CONVERSION = YES;
				CLANG_WARN_INFINITE_RECURSION = YES;
				CLANG_WARN_INT_CONVERSION = YES;
				CLANG_WARN_OBJC_ROOT_CLASS = YES_ERROR;
				CLANG_WARN_SUSPICIOUS_MOVES = YES;
				CLANG_WARN_UNREACHABLE_CODE = YES;
				CLANG_WARN__DUPLICATE_METHOD_MATCH = YES;
				"CODE_SIGN_IDENTITY[sdk=iphoneos*]" = "iPhone Developer";
				COPY_PHASE_STRIP = NO;
				DEBUG_INFORMATION_FORMAT = "dwarf-with-dsym";
				ENABLE_NS_ASSERTIONS = NO;
				ENABLE_STRICT_OBJC_MSGSEND = YES;
				GCC_C_LANGUAGE_STANDARD = gnu99;
				GCC_NO_COMMON_BLOCKS = YES;
				GCC_WARN_64_TO_32_BIT_CONVERSION = YES;
				GCC_WARN_ABOUT_RETURN_TYPE = YES_ERROR;
				GCC_WARN_UNDECLARED_SELECTOR = YES;
				GCC_WARN_UNINITIALIZED_AUTOS = YES_AGGRESSIVE;
				GCC_WARN_UNUSED_FUNCTION = YES;
				GCC_WARN_UNUSED_VARIABLE = YES;
				IPHONEOS_DEPLOYMENT_TARGET = 10.1;
				MTL_ENABLE_DEBUG_INFO = NO;
				SDKROOT = iphoneos;
				SWIFT_OPTIMIZATION_LEVEL = "-Owholemodule";
				VALIDATE_PRODUCT = YES;
			};
			name = Release;
		};
		D084CFBE1E1930CE008E6FFB /* Debug */ = {
			isa = XCBuildConfiguration;
			buildSettings = {
				ASSETCATALOG_COMPILER_APPICON_NAME = AppIcon;
				INFOPLIST_FILE = "Intro to table view/Info.plist";
				LD_RUNPATH_SEARCH_PATHS = "$(inherited) @executable_path/Frameworks";
				PRODUCT_BUNDLE_IDENTIFIER = "com.cybertrendzinc.Intro-to-table-view";
				PRODUCT_NAME = "$(TARGET_NAME)";
				SWIFT_VERSION = 3.0;
			};
			name = Debug;
		};
		D084CFBF1E1930CE008E6FFB /* Release */ = {
			isa = XCBuildConfiguration;
			buildSettings = {
				ASSETCATALOG_COMPILER_APPICON_NAME = AppIcon;
				INFOPLIST_FILE = "Intro to table view/Info.plist";
				LD_RUNPATH_SEARCH_PATHS = "$(inherited) @executable_path/Frameworks";
				PRODUCT_BUNDLE_IDENTIFIER = "com.cybertrendzinc.Intro-to-table-view";
				PRODUCT_NAME = "$(TARGET_NAME)";
				SWIFT_VERSION = 3.0;
			};
			name = Release;
		};
		D084CFC11E1930CE008E6FFB /* Debug */ = {
			isa = XCBuildConfiguration;
			buildSettings = {
				ALWAYS_EMBED_SWIFT_STANDARD_LIBRARIES = YES;
				BUNDLE_LOADER = "$(TEST_HOST)";
				INFOPLIST_FILE = "Intro to table viewTests/Info.plist";
				LD_RUNPATH_SEARCH_PATHS = "$(inherited) @executable_path/Frameworks @loader_path/Frameworks";
				PRODUCT_BUNDLE_IDENTIFIER = "com.cybertrendzinc.Intro-to-table-viewTests";
				PRODUCT_NAME = "$(TARGET_NAME)";
				SWIFT_VERSION = 3.0;
				TEST_HOST = "$(BUILT_PRODUCTS_DIR)/Intro to table view.app/Intro to table view";
			};
			name = Debug;
		};
		D084CFC21E1930CE008E6FFB /* Release */ = {
			isa = XCBuildConfiguration;
			buildSettings = {
				ALWAYS_EMBED_SWIFT_STANDARD_LIBRARIES = YES;
				BUNDLE_LOADER = "$(TEST_HOST)";
				INFOPLIST_FILE = "Intro to table viewTests/Info.plist";
				LD_RUNPATH_SEARCH_PATHS = "$(inherited) @executable_path/Frameworks @loader_path/Frameworks";
				PRODUCT_BUNDLE_IDENTIFIER = "com.cybertrendzinc.Intro-to-table-viewTests";
				PRODUCT_NAME = "$(TARGET_NAME)";
				SWIFT_VERSION = 3.0;
				TEST_HOST = "$(BUILT_PRODUCTS_DIR)/Intro to table view.app/Intro to table view";
			};
			name = Release;
		};
		D084CFC41E1930CE008E6FFB /* Debug */ = {
			isa = XCBuildConfiguration;
			buildSettings = {
				ALWAYS_EMBED_SWIFT_STANDARD_LIBRARIES = YES;
				INFOPLIST_FILE = "Intro to table viewUITests/Info.plist";
				LD_RUNPATH_SEARCH_PATHS = "$(inherited) @executable_path/Frameworks @loader_path/Frameworks";
				PRODUCT_BUNDLE_IDENTIFIER = "com.cybertrendzinc.Intro-to-table-viewUITests";
				PRODUCT_NAME = "$(TARGET_NAME)";
				SWIFT_VERSION = 3.0;
				TEST_TARGET_NAME = "Intro to table view";
			};
			name = Debug;
		};
		D084CFC51E1930CE008E6FFB /* Release */ = {
			isa = XCBuildConfiguration;
			buildSettings = {
				ALWAYS_EMBED_SWIFT_STANDARD_LIBRARIES = YES;
				INFOPLIST_FILE = "Intro to table viewUITests/Info.plist";
				LD_RUNPATH_SEARCH_PATHS = "$(inherited) @executable_path/Frameworks @loader_path/Frameworks";
				PRODUCT_BUNDLE_IDENTIFIER = "com.cybertrendzinc.Intro-to-table-viewUITests";
				PRODUCT_NAME = "$(TARGET_NAME)";
				SWIFT_VERSION = 3.0;
				TEST_TARGET_NAME = "Intro to table view";
			};
			name = Release;
		};
/* End XCBuildConfiguration section */

/* Begin XCConfigurationList section */
		D084CF901E1930CD008E6FFB /* Build configuration list for PBXProject "Intro to table view" */ = {
			isa = XCConfigurationList;
			buildConfigurations = (
				D084CFBB1E1930CE008E6FFB /* Debug */,
				D084CFBC1E1930CE008E6FFB /* Release */,
			);
			defaultConfigurationIsVisible = 0;
			defaultConfigurationName = Release;
		};
		D084CFBD1E1930CE008E6FFB /* Build configuration list for PBXNativeTarget "Intro to table view" */ = {
			isa = XCConfigurationList;
			buildConfigurations = (
				D084CFBE1E1930CE008E6FFB /* Debug */,
				D084CFBF1E1930CE008E6FFB /* Release */,
			);
			defaultConfigurationIsVisible = 0;
		};
		D084CFC01E1930CE008E6FFB /* Build configuration list for PBXNativeTarget "Intro to table viewTests" */ = {
			isa = XCConfigurationList;
			buildConfigurations = (
				D084CFC11E1930CE008E6FFB /* Debug */,
				D084CFC21E1930CE008E6FFB /* Release */,
			);
			defaultConfigurationIsVisible = 0;
		};
		D084CFC31E1930CE008E6FFB /* Build configuration list for PBXNativeTarget "Intro to table viewUITests" */ = {
			isa = XCConfigurationList;
			buildConfigurations = (
				D084CFC41E1930CE008E6FFB /* Debug */,
				D084CFC51E1930CE008E6FFB /* Release */,
			);
			defaultConfigurationIsVisible = 0;
		};
/* End XCConfigurationList section */
	};
	rootObject = D084CF8D1E1930CD008E6FFB /* Project object */;
}
